// !$*UTF8*$!
{
	archiveVersion = 1;
	classes = {
	};
	objectVersion = 48;
	objects = {

/* Begin PBXBuildFile section */
		38E183C8BF56AA5ACC362EBC /* Pods_PapaCatering.framework in Frameworks */ = {isa = PBXBuildFile; fileRef = 6CDF91EFB0948F5E7C21D81F /* Pods_PapaCatering.framework */; };
		DA2A47C320236E79007D79B1 /* AppDelegate.swift in Sources */ = {isa = PBXBuildFile; fileRef = DA2A47C220236E79007D79B1 /* AppDelegate.swift */; };
		DA2A47C520236E79007D79B1 /* RestauranteTableViewController.swift in Sources */ = {isa = PBXBuildFile; fileRef = DA2A47C420236E79007D79B1 /* RestauranteTableViewController.swift */; };
		DA2A47C820236E79007D79B1 /* Main.storyboard in Resources */ = {isa = PBXBuildFile; fileRef = DA2A47C620236E79007D79B1 /* Main.storyboard */; };
		DA2A47CA20236E79007D79B1 /* Assets.xcassets in Resources */ = {isa = PBXBuildFile; fileRef = DA2A47C920236E79007D79B1 /* Assets.xcassets */; };
		DA2A47CD20236E79007D79B1 /* LaunchScreen.storyboard in Resources */ = {isa = PBXBuildFile; fileRef = DA2A47CB20236E79007D79B1 /* LaunchScreen.storyboard */; };
		DA2A47D52023798E007D79B1 /* GoogleService-Info.plist in Resources */ = {isa = PBXBuildFile; fileRef = DA2A47D42023798E007D79B1 /* GoogleService-Info.plist */; };
		DA2A47DE202395A7007D79B1 /* UndeMancamTableViewCell.swift in Sources */ = {isa = PBXBuildFile; fileRef = DA2A47DD202395A7007D79B1 /* UndeMancamTableViewCell.swift */; };
		DA2A47E22023A273007D79B1 /* PoiretOne-Regular.ttf in Resources */ = {isa = PBXBuildFile; fileRef = DA2A47E12023A273007D79B1 /* PoiretOne-Regular.ttf */; };
		DA835A5220272B0E006AACA3 /* RezervariViewController.swift in Sources */ = {isa = PBXBuildFile; fileRef = DA835A5120272B0E006AACA3 /* RezervariViewController.swift */; };
		DA835A5420272BAD006AACA3 /* IconCategorieCollectionViewCell.swift in Sources */ = {isa = PBXBuildFile; fileRef = DA835A5320272BAD006AACA3 /* IconCategorieCollectionViewCell.swift */; };
		DA835A582027335F006AACA3 /* LocatieModel.swift in Sources */ = {isa = PBXBuildFile; fileRef = DA835A572027335F006AACA3 /* LocatieModel.swift */; };
		DA835A5A20273D0C006AACA3 /* ConfirmaRezervareaViewController.swift in Sources */ = {isa = PBXBuildFile; fileRef = DA835A5920273D0C006AACA3 /* ConfirmaRezervareaViewController.swift */; };
		DA835A5C20274D8B006AACA3 /* MesajRezervareViewController.swift in Sources */ = {isa = PBXBuildFile; fileRef = DA835A5B20274D8B006AACA3 /* MesajRezervareViewController.swift */; };
		DA835A5E2027810D006AACA3 /* ProfileTableViewController.swift in Sources */ = {isa = PBXBuildFile; fileRef = DA835A5D2027810D006AACA3 /* ProfileTableViewController.swift */; };
		DA835A60202788E3006AACA3 /* ProfileTableViewCell.swift in Sources */ = {isa = PBXBuildFile; fileRef = DA835A5F202788E3006AACA3 /* ProfileTableViewCell.swift */; };
		DA835A6220278A60006AACA3 /* ProfilModel.swift in Sources */ = {isa = PBXBuildFile; fileRef = DA835A6120278A60006AACA3 /* ProfilModel.swift */; };
		DA835A6420279086006AACA3 /* ProfileModalViewController.swift in Sources */ = {isa = PBXBuildFile; fileRef = DA835A6320279086006AACA3 /* ProfileModalViewController.swift */; };
		DA94D6542026119D00FE2F6F /* RestaurantModel.swift in Sources */ = {isa = PBXBuildFile; fileRef = DA94D6532026119D00FE2F6F /* RestaurantModel.swift */; };
		DA94D6562026794400FE2F6F /* IntroRestaurantViewController.swift in Sources */ = {isa = PBXBuildFile; fileRef = DA94D6552026794400FE2F6F /* IntroRestaurantViewController.swift */; };
		DAAD2E1F2025CCE40042E44D /* FMDatabaseQueue.m in Sources */ = {isa = PBXBuildFile; fileRef = DAAD2E152025CCE10042E44D /* FMDatabaseQueue.m */; };
		DAAD2E202025CCE40042E44D /* FMDatabasePool.m in Sources */ = {isa = PBXBuildFile; fileRef = DAAD2E162025CCE20042E44D /* FMDatabasePool.m */; };
		DAAD2E212025CCE40042E44D /* FMResultSet.m in Sources */ = {isa = PBXBuildFile; fileRef = DAAD2E192025CCE30042E44D /* FMResultSet.m */; };
		DAAD2E222025CCE40042E44D /* FMDatabase.m in Sources */ = {isa = PBXBuildFile; fileRef = DAAD2E1C2025CCE40042E44D /* FMDatabase.m */; };
		DAAD2E232025CCE40042E44D /* FMDatabaseAdditions.m in Sources */ = {isa = PBXBuildFile; fileRef = DAAD2E1D2025CCE40042E44D /* FMDatabaseAdditions.m */; };
		DAAD2E272025FEB70042E44D /* BorderedButton.swift in Sources */ = {isa = PBXBuildFile; fileRef = DAAD2E262025FEB70042E44D /* BorderedButton.swift */; };
		DAAD2E292026014A0042E44D /* RestaurantTableViewCell.swift in Sources */ = {isa = PBXBuildFile; fileRef = DAAD2E282026014A0042E44D /* RestaurantTableViewCell.swift */; };
		DAB100D92029C172004A4DE9 /* MesajModalViewController.swift in Sources */ = {isa = PBXBuildFile; fileRef = DAB100D82029C172004A4DE9 /* MesajModalViewController.swift */; };
		DAB100DB2029D88D004A4DE9 /* IstoricModel.swift in Sources */ = {isa = PBXBuildFile; fileRef = DAB100DA2029D88C004A4DE9 /* IstoricModel.swift */; };
		DAB100DD2029D927004A4DE9 /* IstoricTableViewController.swift in Sources */ = {isa = PBXBuildFile; fileRef = DAB100DC2029D927004A4DE9 /* IstoricTableViewController.swift */; };
		DAB100DF2029D969004A4DE9 /* IstoricParentTableViewCell.swift in Sources */ = {isa = PBXBuildFile; fileRef = DAB100DE2029D969004A4DE9 /* IstoricParentTableViewCell.swift */; };
		DAB100E12029D981004A4DE9 /* IstoricChildTableViewCell.swift in Sources */ = {isa = PBXBuildFile; fileRef = DAB100E02029D981004A4DE9 /* IstoricChildTableViewCell.swift */; };
		DAB100E3202A22B2004A4DE9 /* WebServerFiles.swift in Sources */ = {isa = PBXBuildFile; fileRef = DAB100E2202A22B2004A4DE9 /* WebServerFiles.swift */; };
		DAD9F48620285EC300B93E3B /* AdreseTableViewController.swift in Sources */ = {isa = PBXBuildFile; fileRef = DAD9F48520285EC300B93E3B /* AdreseTableViewController.swift */; };
		DAD9F48820285F9700B93E3B /* AdreseTableViewCell.swift in Sources */ = {isa = PBXBuildFile; fileRef = DAD9F48720285F9700B93E3B /* AdreseTableViewCell.swift */; };
		DAD9F48A2028636C00B93E3B /* AdresaModel.swift in Sources */ = {isa = PBXBuildFile; fileRef = DAD9F4892028636C00B93E3B /* AdresaModel.swift */; };
		DAD9F48C202867CA00B93E3B /* AdreseModalViewController.swift in Sources */ = {isa = PBXBuildFile; fileRef = DAD9F48B202867C900B93E3B /* AdreseModalViewController.swift */; };
		DAD9F48E202870DE00B93E3B /* CategoriiCollectionViewCell.swift in Sources */ = {isa = PBXBuildFile; fileRef = DAD9F48D202870DE00B93E3B /* CategoriiCollectionViewCell.swift */; };
		DAD9F4922028712700B93E3B /* AfisareCategoriiCollectionViewController.swift in Sources */ = {isa = PBXBuildFile; fileRef = DAD9F4912028712700B93E3B /* AfisareCategoriiCollectionViewController.swift */; };
		DAD9F49420287EC200B93E3B /* CategorieModel.swift in Sources */ = {isa = PBXBuildFile; fileRef = DAD9F49320287EC200B93E3B /* CategorieModel.swift */; };
		DAD9F49620287F2900B93E3B /* ProdusModel.swift in Sources */ = {isa = PBXBuildFile; fileRef = DAD9F49520287F2900B93E3B /* ProdusModel.swift */; };
		DAD9F4982028B5EA00B93E3B /* SemicircularBtn.swift in Sources */ = {isa = PBXBuildFile; fileRef = DAD9F4972028B5EA00B93E3B /* SemicircularBtn.swift */; };
		DAD9F49A2028C14700B93E3B /* ProduseViewController.swift in Sources */ = {isa = PBXBuildFile; fileRef = DAD9F4992028C14600B93E3B /* ProduseViewController.swift */; };
		DAD9F49E2028C1E200B93E3B /* ProduseTableViewCell.swift in Sources */ = {isa = PBXBuildFile; fileRef = DAD9F49D2028C1E200B93E3B /* ProduseTableViewCell.swift */; };
		DAD9F4A02028C3E800B93E3B /* CerinteSpeciale.swift in Sources */ = {isa = PBXBuildFile; fileRef = DAD9F49F2028C3E800B93E3B /* CerinteSpeciale.swift */; };
		DAD9F4A22028F36600B93E3B /* CerinteModalViewController.swift in Sources */ = {isa = PBXBuildFile; fileRef = DAD9F4A12028F36600B93E3B /* CerinteModalViewController.swift */; };
		DAD9F4A42028FF8600B93E3B /* ConfirmaComandaViewController.swift in Sources */ = {isa = PBXBuildFile; fileRef = DAD9F4A32028FF8600B93E3B /* ConfirmaComandaViewController.swift */; };
		DAD9F4A6202907B300B93E3B /* Card.swift in Sources */ = {isa = PBXBuildFile; fileRef = DAD9F4A5202907B200B93E3B /* Card.swift */; };
		DAD9F4A82029107200B93E3B /* ConfirmaComandaTableViewCell.swift in Sources */ = {isa = PBXBuildFile; fileRef = DAD9F4A72029107200B93E3B /* ConfirmaComandaTableViewCell.swift */; };
		DADEF69B2025C3F0000D5C7E /* libsqlite3.0.tbd in Frameworks */ = {isa = PBXBuildFile; fileRef = DADEF69A2025C3F0000D5C7E /* libsqlite3.0.tbd */; };
/* End PBXBuildFile section */

/* Begin PBXFileReference section */
		20605416BBCBE35EE745C6EF /* Pods-PapaCatering.debug.xcconfig */ = {isa = PBXFileReference; includeInIndex = 1; lastKnownFileType = text.xcconfig; name = "Pods-PapaCatering.debug.xcconfig"; path = "Pods/Target Support Files/Pods-PapaCatering/Pods-PapaCatering.debug.xcconfig"; sourceTree = "<group>"; };
		6CDF91EFB0948F5E7C21D81F /* Pods_PapaCatering.framework */ = {isa = PBXFileReference; explicitFileType = wrapper.framework; includeInIndex = 0; path = Pods_PapaCatering.framework; sourceTree = BUILT_PRODUCTS_DIR; };
		9F69F016BA1BD85664BA01CF /* Pods-PapaCatering.release.xcconfig */ = {isa = PBXFileReference; includeInIndex = 1; lastKnownFileType = text.xcconfig; name = "Pods-PapaCatering.release.xcconfig"; path = "Pods/Target Support Files/Pods-PapaCatering/Pods-PapaCatering.release.xcconfig"; sourceTree = "<group>"; };
		DA2A47BF20236E79007D79B1 /* PapaCatering.app */ = {isa = PBXFileReference; explicitFileType = wrapper.application; includeInIndex = 0; path = PapaCatering.app; sourceTree = BUILT_PRODUCTS_DIR; };
		DA2A47C220236E79007D79B1 /* AppDelegate.swift */ = {isa = PBXFileReference; lastKnownFileType = sourcecode.swift; path = AppDelegate.swift; sourceTree = "<group>"; };
		DA2A47C420236E79007D79B1 /* RestauranteTableViewController.swift */ = {isa = PBXFileReference; lastKnownFileType = sourcecode.swift; path = RestauranteTableViewController.swift; sourceTree = "<group>"; };
		DA2A47C720236E79007D79B1 /* Base */ = {isa = PBXFileReference; lastKnownFileType = file.storyboard; name = Base; path = Base.lproj/Main.storyboard; sourceTree = "<group>"; };
		DA2A47C920236E79007D79B1 /* Assets.xcassets */ = {isa = PBXFileReference; lastKnownFileType = folder.assetcatalog; path = Assets.xcassets; sourceTree = "<group>"; };
		DA2A47CC20236E79007D79B1 /* Base */ = {isa = PBXFileReference; lastKnownFileType = file.storyboard; name = Base; path = Base.lproj/LaunchScreen.storyboard; sourceTree = "<group>"; };
		DA2A47CE20236E79007D79B1 /* Info.plist */ = {isa = PBXFileReference; lastKnownFileType = text.plist.xml; path = Info.plist; sourceTree = "<group>"; };
		DA2A47D42023798E007D79B1 /* GoogleService-Info.plist */ = {isa = PBXFileReference; fileEncoding = 4; lastKnownFileType = text.plist.xml; name = "GoogleService-Info.plist"; path = "../../../Downloads/GoogleService-Info.plist"; sourceTree = "<group>"; };
		DA2A47DD202395A7007D79B1 /* UndeMancamTableViewCell.swift */ = {isa = PBXFileReference; lastKnownFileType = sourcecode.swift; path = UndeMancamTableViewCell.swift; sourceTree = "<group>"; };
		DA2A47E12023A273007D79B1 /* PoiretOne-Regular.ttf */ = {isa = PBXFileReference; lastKnownFileType = file; name = "PoiretOne-Regular.ttf"; path = "PapaCatering/PoiretOne-Regular.ttf"; sourceTree = "<group>"; };
		DA2A47E3202456CA007D79B1 /* PapaCatering.entitlements */ = {isa = PBXFileReference; lastKnownFileType = text.plist.entitlements; path = PapaCatering.entitlements; sourceTree = "<group>"; };
		DA835A5120272B0E006AACA3 /* RezervariViewController.swift */ = {isa = PBXFileReference; lastKnownFileType = sourcecode.swift; path = RezervariViewController.swift; sourceTree = "<group>"; };
		DA835A5320272BAD006AACA3 /* IconCategorieCollectionViewCell.swift */ = {isa = PBXFileReference; lastKnownFileType = sourcecode.swift; path = IconCategorieCollectionViewCell.swift; sourceTree = "<group>"; };
		DA835A572027335F006AACA3 /* LocatieModel.swift */ = {isa = PBXFileReference; lastKnownFileType = sourcecode.swift; path = LocatieModel.swift; sourceTree = "<group>"; };
		DA835A5920273D0C006AACA3 /* ConfirmaRezervareaViewController.swift */ = {isa = PBXFileReference; lastKnownFileType = sourcecode.swift; path = ConfirmaRezervareaViewController.swift; sourceTree = "<group>"; };
		DA835A5B20274D8B006AACA3 /* MesajRezervareViewController.swift */ = {isa = PBXFileReference; lastKnownFileType = sourcecode.swift; path = MesajRezervareViewController.swift; sourceTree = "<group>"; };
		DA835A5D2027810D006AACA3 /* ProfileTableViewController.swift */ = {isa = PBXFileReference; lastKnownFileType = sourcecode.swift; path = ProfileTableViewController.swift; sourceTree = "<group>"; };
		DA835A5F202788E3006AACA3 /* ProfileTableViewCell.swift */ = {isa = PBXFileReference; lastKnownFileType = sourcecode.swift; path = ProfileTableViewCell.swift; sourceTree = "<group>"; };
		DA835A6120278A60006AACA3 /* ProfilModel.swift */ = {isa = PBXFileReference; lastKnownFileType = sourcecode.swift; path = ProfilModel.swift; sourceTree = "<group>"; };
		DA835A6320279086006AACA3 /* ProfileModalViewController.swift */ = {isa = PBXFileReference; lastKnownFileType = sourcecode.swift; path = ProfileModalViewController.swift; sourceTree = "<group>"; };
		DA94D6532026119D00FE2F6F /* RestaurantModel.swift */ = {isa = PBXFileReference; lastKnownFileType = sourcecode.swift; path = RestaurantModel.swift; sourceTree = "<group>"; };
		DA94D6552026794400FE2F6F /* IntroRestaurantViewController.swift */ = {isa = PBXFileReference; lastKnownFileType = sourcecode.swift; path = IntroRestaurantViewController.swift; sourceTree = "<group>"; };
		DAAD2E112025CC800042E44D /* PapaCatering-Bridging-Header.h */ = {isa = PBXFileReference; fileEncoding = 4; lastKnownFileType = sourcecode.c.h; path = "PapaCatering-Bridging-Header.h"; sourceTree = "<group>"; };
		DAAD2E142025CCE10042E44D /* FMResultSet.h */ = {isa = PBXFileReference; lastKnownFileType = sourcecode.c.h; path = FMResultSet.h; sourceTree = "<group>"; };
		DAAD2E152025CCE10042E44D /* FMDatabaseQueue.m */ = {isa = PBXFileReference; lastKnownFileType = sourcecode.c.objc; path = FMDatabaseQueue.m; sourceTree = "<group>"; };
		DAAD2E162025CCE20042E44D /* FMDatabasePool.m */ = {isa = PBXFileReference; lastKnownFileType = sourcecode.c.objc; path = FMDatabasePool.m; sourceTree = "<group>"; };
		DAAD2E172025CCE20042E44D /* FMDatabase.h */ = {isa = PBXFileReference; lastKnownFileType = sourcecode.c.h; path = FMDatabase.h; sourceTree = "<group>"; };
		DAAD2E182025CCE30042E44D /* FMDatabasePool.h */ = {isa = PBXFileReference; lastKnownFileType = sourcecode.c.h; path = FMDatabasePool.h; sourceTree = "<group>"; };
		DAAD2E192025CCE30042E44D /* FMResultSet.m */ = {isa = PBXFileReference; lastKnownFileType = sourcecode.c.objc; path = FMResultSet.m; sourceTree = "<group>"; };
		DAAD2E1A2025CCE30042E44D /* FMDatabaseAdditions.h */ = {isa = PBXFileReference; lastKnownFileType = sourcecode.c.h; path = FMDatabaseAdditions.h; sourceTree = "<group>"; };
		DAAD2E1B2025CCE30042E44D /* FMDatabaseQueue.h */ = {isa = PBXFileReference; lastKnownFileType = sourcecode.c.h; path = FMDatabaseQueue.h; sourceTree = "<group>"; };
		DAAD2E1C2025CCE40042E44D /* FMDatabase.m */ = {isa = PBXFileReference; lastKnownFileType = sourcecode.c.objc; path = FMDatabase.m; sourceTree = "<group>"; };
		DAAD2E1D2025CCE40042E44D /* FMDatabaseAdditions.m */ = {isa = PBXFileReference; lastKnownFileType = sourcecode.c.objc; path = FMDatabaseAdditions.m; sourceTree = "<group>"; };
		DAAD2E1E2025CCE40042E44D /* FMDB.h */ = {isa = PBXFileReference; lastKnownFileType = sourcecode.c.h; path = FMDB.h; sourceTree = "<group>"; };
		DAAD2E262025FEB70042E44D /* BorderedButton.swift */ = {isa = PBXFileReference; lastKnownFileType = sourcecode.swift; path = BorderedButton.swift; sourceTree = "<group>"; };
		DAAD2E282026014A0042E44D /* RestaurantTableViewCell.swift */ = {isa = PBXFileReference; lastKnownFileType = sourcecode.swift; path = RestaurantTableViewCell.swift; sourceTree = "<group>"; };
		DAB100D82029C172004A4DE9 /* MesajModalViewController.swift */ = {isa = PBXFileReference; lastKnownFileType = sourcecode.swift; path = MesajModalViewController.swift; sourceTree = "<group>"; };
		DAB100DA2029D88C004A4DE9 /* IstoricModel.swift */ = {isa = PBXFileReference; lastKnownFileType = sourcecode.swift; path = IstoricModel.swift; sourceTree = "<group>"; };
		DAB100DC2029D927004A4DE9 /* IstoricTableViewController.swift */ = {isa = PBXFileReference; lastKnownFileType = sourcecode.swift; path = IstoricTableViewController.swift; sourceTree = "<group>"; };
		DAB100DE2029D969004A4DE9 /* IstoricParentTableViewCell.swift */ = {isa = PBXFileReference; lastKnownFileType = sourcecode.swift; path = IstoricParentTableViewCell.swift; sourceTree = "<group>"; };
		DAB100E02029D981004A4DE9 /* IstoricChildTableViewCell.swift */ = {isa = PBXFileReference; lastKnownFileType = sourcecode.swift; path = IstoricChildTableViewCell.swift; sourceTree = "<group>"; };
		DAB100E2202A22B2004A4DE9 /* WebServerFiles.swift */ = {isa = PBXFileReference; lastKnownFileType = sourcecode.swift; path = WebServerFiles.swift; sourceTree = "<group>"; };
		DAD9F48520285EC300B93E3B /* AdreseTableViewController.swift */ = {isa = PBXFileReference; lastKnownFileType = sourcecode.swift; path = AdreseTableViewController.swift; sourceTree = "<group>"; };
		DAD9F48720285F9700B93E3B /* AdreseTableViewCell.swift */ = {isa = PBXFileReference; lastKnownFileType = sourcecode.swift; path = AdreseTableViewCell.swift; sourceTree = "<group>"; };
		DAD9F4892028636C00B93E3B /* AdresaModel.swift */ = {isa = PBXFileReference; lastKnownFileType = sourcecode.swift; path = AdresaModel.swift; sourceTree = "<group>"; };
		DAD9F48B202867C900B93E3B /* AdreseModalViewController.swift */ = {isa = PBXFileReference; lastKnownFileType = sourcecode.swift; path = AdreseModalViewController.swift; sourceTree = "<group>"; };
		DAD9F48D202870DE00B93E3B /* CategoriiCollectionViewCell.swift */ = {isa = PBXFileReference; lastKnownFileType = sourcecode.swift; path = CategoriiCollectionViewCell.swift; sourceTree = "<group>"; };
		DAD9F4912028712700B93E3B /* AfisareCategoriiCollectionViewController.swift */ = {isa = PBXFileReference; lastKnownFileType = sourcecode.swift; path = AfisareCategoriiCollectionViewController.swift; sourceTree = "<group>"; };
		DAD9F49320287EC200B93E3B /* CategorieModel.swift */ = {isa = PBXFileReference; lastKnownFileType = sourcecode.swift; path = CategorieModel.swift; sourceTree = "<group>"; };
		DAD9F49520287F2900B93E3B /* ProdusModel.swift */ = {isa = PBXFileReference; lastKnownFileType = sourcecode.swift; path = ProdusModel.swift; sourceTree = "<group>"; };
		DAD9F4972028B5EA00B93E3B /* SemicircularBtn.swift */ = {isa = PBXFileReference; lastKnownFileType = sourcecode.swift; path = SemicircularBtn.swift; sourceTree = "<group>"; };
		DAD9F4992028C14600B93E3B /* ProduseViewController.swift */ = {isa = PBXFileReference; lastKnownFileType = sourcecode.swift; path = ProduseViewController.swift; sourceTree = "<group>"; };
		DAD9F49D2028C1E200B93E3B /* ProduseTableViewCell.swift */ = {isa = PBXFileReference; lastKnownFileType = sourcecode.swift; path = ProduseTableViewCell.swift; sourceTree = "<group>"; };
		DAD9F49F2028C3E800B93E3B /* CerinteSpeciale.swift */ = {isa = PBXFileReference; lastKnownFileType = sourcecode.swift; path = CerinteSpeciale.swift; sourceTree = "<group>"; };
		DAD9F4A12028F36600B93E3B /* CerinteModalViewController.swift */ = {isa = PBXFileReference; lastKnownFileType = sourcecode.swift; path = CerinteModalViewController.swift; sourceTree = "<group>"; };
		DAD9F4A32028FF8600B93E3B /* ConfirmaComandaViewController.swift */ = {isa = PBXFileReference; lastKnownFileType = sourcecode.swift; path = ConfirmaComandaViewController.swift; sourceTree = "<group>"; };
		DAD9F4A5202907B200B93E3B /* Card.swift */ = {isa = PBXFileReference; lastKnownFileType = sourcecode.swift; path = Card.swift; sourceTree = "<group>"; };
		DAD9F4A72029107200B93E3B /* ConfirmaComandaTableViewCell.swift */ = {isa = PBXFileReference; lastKnownFileType = sourcecode.swift; path = ConfirmaComandaTableViewCell.swift; sourceTree = "<group>"; };
		DADEF69A2025C3F0000D5C7E /* libsqlite3.0.tbd */ = {isa = PBXFileReference; lastKnownFileType = "sourcecode.text-based-dylib-definition"; name = libsqlite3.0.tbd; path = usr/lib/libsqlite3.0.tbd; sourceTree = SDKROOT; };
/* End PBXFileReference section */

/* Begin PBXFrameworksBuildPhase section */
		DA2A47BC20236E79007D79B1 /* Frameworks */ = {
			isa = PBXFrameworksBuildPhase;
			buildActionMask = 2147483647;
			files = (
				DADEF69B2025C3F0000D5C7E /* libsqlite3.0.tbd in Frameworks */,
				38E183C8BF56AA5ACC362EBC /* Pods_PapaCatering.framework in Frameworks */,
			);
			runOnlyForDeploymentPostprocessing = 0;
		};
/* End PBXFrameworksBuildPhase section */

/* Begin PBXGroup section */
		DA2A47B620236E79007D79B1 = {
			isa = PBXGroup;
			children = (
				DAAD2E172025CCE20042E44D /* FMDatabase.h */,
				DAAD2E1C2025CCE40042E44D /* FMDatabase.m */,
				DAAD2E1A2025CCE30042E44D /* FMDatabaseAdditions.h */,
				DAAD2E1D2025CCE40042E44D /* FMDatabaseAdditions.m */,
				DAAD2E182025CCE30042E44D /* FMDatabasePool.h */,
				DAAD2E162025CCE20042E44D /* FMDatabasePool.m */,
				DAAD2E1B2025CCE30042E44D /* FMDatabaseQueue.h */,
				DAAD2E152025CCE10042E44D /* FMDatabaseQueue.m */,
				DAAD2E1E2025CCE40042E44D /* FMDB.h */,
				DAAD2E142025CCE10042E44D /* FMResultSet.h */,
				DAAD2E192025CCE30042E44D /* FMResultSet.m */,
				DAAD2E112025CC800042E44D /* PapaCatering-Bridging-Header.h */,
				DA2A47E12023A273007D79B1 /* PoiretOne-Regular.ttf */,
				DA2A47C120236E79007D79B1 /* PapaCatering */,
				DA2A47C020236E79007D79B1 /* Products */,
				E25190CB3D2758E5C1777F7C /* Pods */,
				FEF01D8BA57C751A32F935DB /* Frameworks */,
			);
			sourceTree = "<group>";
		};
		DA2A47C020236E79007D79B1 /* Products */ = {
			isa = PBXGroup;
			children = (
				DA2A47BF20236E79007D79B1 /* PapaCatering.app */,
			);
			name = Products;
			sourceTree = "<group>";
		};
		DA2A47C120236E79007D79B1 /* PapaCatering */ = {
			isa = PBXGroup;
			children = (
				DAB100E2202A22B2004A4DE9 /* WebServerFiles.swift */,
				DAB100DC2029D927004A4DE9 /* IstoricTableViewController.swift */,
				DAB100DE2029D969004A4DE9 /* IstoricParentTableViewCell.swift */,
				DAB100E02029D981004A4DE9 /* IstoricChildTableViewCell.swift */,
				DAB100DA2029D88C004A4DE9 /* IstoricModel.swift */,
				DAB100D82029C172004A4DE9 /* MesajModalViewController.swift */,
				DAD9F4A72029107200B93E3B /* ConfirmaComandaTableViewCell.swift */,
				DAD9F4A32028FF8600B93E3B /* ConfirmaComandaViewController.swift */,
				DAD9F4A5202907B200B93E3B /* Card.swift */,
				DAD9F4A12028F36600B93E3B /* CerinteModalViewController.swift */,
				DAD9F49F2028C3E800B93E3B /* CerinteSpeciale.swift */,
				DAD9F4972028B5EA00B93E3B /* SemicircularBtn.swift */,
				DA2A47C220236E79007D79B1 /* AppDelegate.swift */,
				DA2A47E3202456CA007D79B1 /* PapaCatering.entitlements */,
				DA2A47D42023798E007D79B1 /* GoogleService-Info.plist */,
				DA2A47C420236E79007D79B1 /* RestauranteTableViewController.swift */,
				DA2A47DD202395A7007D79B1 /* UndeMancamTableViewCell.swift */,
				DAAD2E282026014A0042E44D /* RestaurantTableViewCell.swift */,
				DA94D6552026794400FE2F6F /* IntroRestaurantViewController.swift */,
				DAAD2E262025FEB70042E44D /* BorderedButton.swift */,
				DA2A47C620236E79007D79B1 /* Main.storyboard */,
				DA835A5B20274D8B006AACA3 /* MesajRezervareViewController.swift */,
				DAD9F49D2028C1E200B93E3B /* ProduseTableViewCell.swift */,
				DAD9F4992028C14600B93E3B /* ProduseViewController.swift */,
				DAD9F48D202870DE00B93E3B /* CategoriiCollectionViewCell.swift */,
				DAD9F49320287EC200B93E3B /* CategorieModel.swift */,
				DAD9F4912028712700B93E3B /* AfisareCategoriiCollectionViewController.swift */,
				DAD9F49520287F2900B93E3B /* ProdusModel.swift */,
				DAD9F48720285F9700B93E3B /* AdreseTableViewCell.swift */,
				DAD9F4892028636C00B93E3B /* AdresaModel.swift */,
				DAD9F48B202867C900B93E3B /* AdreseModalViewController.swift */,
				DAD9F48520285EC300B93E3B /* AdreseTableViewController.swift */,
				DA835A5D2027810D006AACA3 /* ProfileTableViewController.swift */,
				DA835A6320279086006AACA3 /* ProfileModalViewController.swift */,
				DA835A5F202788E3006AACA3 /* ProfileTableViewCell.swift */,
				DA835A6120278A60006AACA3 /* ProfilModel.swift */,
				DA2A47C920236E79007D79B1 /* Assets.xcassets */,
				DA2A47CB20236E79007D79B1 /* LaunchScreen.storyboard */,
				DA2A47CE20236E79007D79B1 /* Info.plist */,
				DA94D6532026119D00FE2F6F /* RestaurantModel.swift */,
				DA835A5120272B0E006AACA3 /* RezervariViewController.swift */,
				DA835A5320272BAD006AACA3 /* IconCategorieCollectionViewCell.swift */,
				DA835A572027335F006AACA3 /* LocatieModel.swift */,
				DA835A5920273D0C006AACA3 /* ConfirmaRezervareaViewController.swift */,
			);
			path = PapaCatering;
			sourceTree = "<group>";
		};
		E25190CB3D2758E5C1777F7C /* Pods */ = {
			isa = PBXGroup;
			children = (
				20605416BBCBE35EE745C6EF /* Pods-PapaCatering.debug.xcconfig */,
				9F69F016BA1BD85664BA01CF /* Pods-PapaCatering.release.xcconfig */,
			);
			name = Pods;
			sourceTree = "<group>";
		};
		FEF01D8BA57C751A32F935DB /* Frameworks */ = {
			isa = PBXGroup;
			children = (
				DADEF69A2025C3F0000D5C7E /* libsqlite3.0.tbd */,
				6CDF91EFB0948F5E7C21D81F /* Pods_PapaCatering.framework */,
			);
			name = Frameworks;
			sourceTree = "<group>";
		};
/* End PBXGroup section */

/* Begin PBXNativeTarget section */
		DA2A47BE20236E79007D79B1 /* PapaCatering */ = {
			isa = PBXNativeTarget;
			buildConfigurationList = DA2A47D120236E79007D79B1 /* Build configuration list for PBXNativeTarget "PapaCatering" */;
			buildPhases = (
				E2A502FA55F2740310D8D667 /* [CP] Check Pods Manifest.lock */,
				DA2A47BB20236E79007D79B1 /* Sources */,
				DA2A47BC20236E79007D79B1 /* Frameworks */,
				DA2A47BD20236E79007D79B1 /* Resources */,
				416EF0B9DF65B304BF445B40 /* [CP] Embed Pods Frameworks */,
				5E2A042BE8FAA331420B3B72 /* [CP] Copy Pods Resources */,
			);
			buildRules = (
			);
			dependencies = (
			);
			name = PapaCatering;
			productName = PapaCatering;
			productReference = DA2A47BF20236E79007D79B1 /* PapaCatering.app */;
			productType = "com.apple.product-type.application";
		};
/* End PBXNativeTarget section */

/* Begin PBXProject section */
		DA2A47B720236E79007D79B1 /* Project object */ = {
			isa = PBXProject;
			attributes = {
				LastSwiftUpdateCheck = 0920;
				LastUpgradeCheck = 0920;
				ORGANIZATIONNAME = "Paul Oprea";
				TargetAttributes = {
					DA2A47BE20236E79007D79B1 = {
						CreatedOnToolsVersion = 9.2;
						LastSwiftMigration = 0920;
						ProvisioningStyle = Automatic;
						SystemCapabilities = {
							com.apple.BackgroundModes = {
								enabled = 1;
							};
							com.apple.Push = {
								enabled = 1;
							};
						};
					};
				};
			};
			buildConfigurationList = DA2A47BA20236E79007D79B1 /* Build configuration list for PBXProject "PapaCatering" */;
			compatibilityVersion = "Xcode 8.0";
			developmentRegion = en;
			hasScannedForEncodings = 0;
			knownRegions = (
				en,
				Base,
			);
			mainGroup = DA2A47B620236E79007D79B1;
			productRefGroup = DA2A47C020236E79007D79B1 /* Products */;
			projectDirPath = "";
			projectRoot = "";
			targets = (
				DA2A47BE20236E79007D79B1 /* PapaCatering */,
			);
		};
/* End PBXProject section */

/* Begin PBXResourcesBuildPhase section */
		DA2A47BD20236E79007D79B1 /* Resources */ = {
			isa = PBXResourcesBuildPhase;
			buildActionMask = 2147483647;
			files = (
				DA2A47CD20236E79007D79B1 /* LaunchScreen.storyboard in Resources */,
				DA2A47D52023798E007D79B1 /* GoogleService-Info.plist in Resources */,
				DA2A47CA20236E79007D79B1 /* Assets.xcassets in Resources */,
				DA2A47E22023A273007D79B1 /* PoiretOne-Regular.ttf in Resources */,
				DA2A47C820236E79007D79B1 /* Main.storyboard in Resources */,
			);
			runOnlyForDeploymentPostprocessing = 0;
		};
/* End PBXResourcesBuildPhase section */

/* Begin PBXShellScriptBuildPhase section */
		416EF0B9DF65B304BF445B40 /* [CP] Embed Pods Frameworks */ = {
			isa = PBXShellScriptBuildPhase;
			buildActionMask = 2147483647;
			files = (
			);
			inputPaths = (
				"${SRCROOT}/Pods/Target Support Files/Pods-PapaCatering/Pods-PapaCatering-frameworks.sh",
				"${BUILT_PRODUCTS_DIR}/Alamofire/Alamofire.framework",
				"${BUILT_PRODUCTS_DIR}/AlamofireImage/AlamofireImage.framework",
				"${BUILT_PRODUCTS_DIR}/AlamofireSwiftyJSON/AlamofireSwiftyJSON.framework",
				"${BUILT_PRODUCTS_DIR}/GoogleToolboxForMac/GoogleToolboxForMac.framework",
				"${BUILT_PRODUCTS_DIR}/Protobuf/Protobuf.framework",
				"${BUILT_PRODUCTS_DIR}/SwiftyJSON/SwiftyJSON.framework",
				"${BUILT_PRODUCTS_DIR}/nanopb/nanopb.framework",
			);
			name = "[CP] Embed Pods Frameworks";
			outputPaths = (
				"${TARGET_BUILD_DIR}/${FRAMEWORKS_FOLDER_PATH}/Alamofire.framework",
				"${TARGET_BUILD_DIR}/${FRAMEWORKS_FOLDER_PATH}/AlamofireImage.framework",
				"${TARGET_BUILD_DIR}/${FRAMEWORKS_FOLDER_PATH}/AlamofireSwiftyJSON.framework",
				"${TARGET_BUILD_DIR}/${FRAMEWORKS_FOLDER_PATH}/GoogleToolboxForMac.framework",
				"${TARGET_BUILD_DIR}/${FRAMEWORKS_FOLDER_PATH}/Protobuf.framework",
				"${TARGET_BUILD_DIR}/${FRAMEWORKS_FOLDER_PATH}/SwiftyJSON.framework",
				"${TARGET_BUILD_DIR}/${FRAMEWORKS_FOLDER_PATH}/nanopb.framework",
			);
			runOnlyForDeploymentPostprocessing = 0;
			shellPath = /bin/sh;
			shellScript = "\"${SRCROOT}/Pods/Target Support Files/Pods-PapaCatering/Pods-PapaCatering-frameworks.sh\"\n";
			showEnvVarsInLog = 0;
		};
		5E2A042BE8FAA331420B3B72 /* [CP] Copy Pods Resources */ = {
			isa = PBXShellScriptBuildPhase;
			buildActionMask = 2147483647;
			files = (
			);
			inputPaths = (
			);
			name = "[CP] Copy Pods Resources";
			outputPaths = (
			);
			runOnlyForDeploymentPostprocessing = 0;
			shellPath = /bin/sh;
			shellScript = "\"${SRCROOT}/Pods/Target Support Files/Pods-PapaCatering/Pods-PapaCatering-resources.sh\"\n";
			showEnvVarsInLog = 0;
		};
		E2A502FA55F2740310D8D667 /* [CP] Check Pods Manifest.lock */ = {
			isa = PBXShellScriptBuildPhase;
			buildActionMask = 2147483647;
			files = (
			);
			inputPaths = (
				"${PODS_PODFILE_DIR_PATH}/Podfile.lock",
				"${PODS_ROOT}/Manifest.lock",
			);
			name = "[CP] Check Pods Manifest.lock";
			outputPaths = (
				"$(DERIVED_FILE_DIR)/Pods-PapaCatering-checkManifestLockResult.txt",
			);
			runOnlyForDeploymentPostprocessing = 0;
			shellPath = /bin/sh;
			shellScript = "diff \"${PODS_PODFILE_DIR_PATH}/Podfile.lock\" \"${PODS_ROOT}/Manifest.lock\" > /dev/null\nif [ $? != 0 ] ; then\n    # print error to STDERR\n    echo \"error: The sandbox is not in sync with the Podfile.lock. Run 'pod install' or update your CocoaPods installation.\" >&2\n    exit 1\nfi\n# This output is used by Xcode 'outputs' to avoid re-running this script phase.\necho \"SUCCESS\" > \"${SCRIPT_OUTPUT_FILE_0}\"\n";
			showEnvVarsInLog = 0;
		};
/* End PBXShellScriptBuildPhase section */

/* Begin PBXSourcesBuildPhase section */
		DA2A47BB20236E79007D79B1 /* Sources */ = {
			isa = PBXSourcesBuildPhase;
			buildActionMask = 2147483647;
			files = (
				DA835A5E2027810D006AACA3 /* ProfileTableViewController.swift in Sources */,
				DAAD2E272025FEB70042E44D /* BorderedButton.swift in Sources */,
				DA835A5C20274D8B006AACA3 /* MesajRezervareViewController.swift in Sources */,
				DAD9F4922028712700B93E3B /* AfisareCategoriiCollectionViewController.swift in Sources */,
				DAAD2E212025CCE40042E44D /* FMResultSet.m in Sources */,
				DA2A47DE202395A7007D79B1 /* UndeMancamTableViewCell.swift in Sources */,
				DA835A6220278A60006AACA3 /* ProfilModel.swift in Sources */,
				DAAD2E292026014A0042E44D /* RestaurantTableViewCell.swift in Sources */,
				DA835A5220272B0E006AACA3 /* RezervariViewController.swift in Sources */,
				DAD9F4A82029107200B93E3B /* ConfirmaComandaTableViewCell.swift in Sources */,
				DAB100E3202A22B2004A4DE9 /* WebServerFiles.swift in Sources */,
				DA835A60202788E3006AACA3 /* ProfileTableViewCell.swift in Sources */,
				DA94D6542026119D00FE2F6F /* RestaurantModel.swift in Sources */,
				DAD9F48E202870DE00B93E3B /* CategoriiCollectionViewCell.swift in Sources */,
				DA835A5A20273D0C006AACA3 /* ConfirmaRezervareaViewController.swift in Sources */,
				DA835A6420279086006AACA3 /* ProfileModalViewController.swift in Sources */,
				DAAD2E1F2025CCE40042E44D /* FMDatabaseQueue.m in Sources */,
				DA94D6562026794400FE2F6F /* IntroRestaurantViewController.swift in Sources */,
				DAAD2E222025CCE40042E44D /* FMDatabase.m in Sources */,
				DAAD2E202025CCE40042E44D /* FMDatabasePool.m in Sources */,
				DAD9F4A22028F36600B93E3B /* CerinteModalViewController.swift in Sources */,
				DAD9F4A6202907B300B93E3B /* Card.swift in Sources */,
				DAB100DB2029D88D004A4DE9 /* IstoricModel.swift in Sources */,
				DAB100E12029D981004A4DE9 /* IstoricChildTableViewCell.swift in Sources */,
				DAB100DD2029D927004A4DE9 /* IstoricTableViewController.swift in Sources */,
				DA2A47C520236E79007D79B1 /* RestauranteTableViewController.swift in Sources */,
				DAD9F4A42028FF8600B93E3B /* ConfirmaComandaViewController.swift in Sources */,
				DA2A47C320236E79007D79B1 /* AppDelegate.swift in Sources */,
				DAAD2E232025CCE40042E44D /* FMDatabaseAdditions.m in Sources */,
				DAB100D92029C172004A4DE9 /* MesajModalViewController.swift in Sources */,
				DAD9F48620285EC300B93E3B /* AdreseTableViewController.swift in Sources */,
				DA835A5420272BAD006AACA3 /* IconCategorieCollectionViewCell.swift in Sources */,
				DAB100DF2029D969004A4DE9 /* IstoricParentTableViewCell.swift in Sources */,
				DAD9F49A2028C14700B93E3B /* ProduseViewController.swift in Sources */,
				DAD9F4982028B5EA00B93E3B /* SemicircularBtn.swift in Sources */,
				DAD9F49620287F2900B93E3B /* ProdusModel.swift in Sources */,
				DAD9F49E2028C1E200B93E3B /* ProduseTableViewCell.swift in Sources */,
				DAD9F48A2028636C00B93E3B /* AdresaModel.swift in Sources */,
				DAD9F48820285F9700B93E3B /* AdreseTableViewCell.swift in Sources */,
				DAD9F48C202867CA00B93E3B /* AdreseModalViewController.swift in Sources */,
				DA835A582027335F006AACA3 /* LocatieModel.swift in Sources */,
				DAD9F49420287EC200B93E3B /* CategorieModel.swift in Sources */,
				DAD9F4A02028C3E800B93E3B /* CerinteSpeciale.swift in Sources */,
			);
			runOnlyForDeploymentPostprocessing = 0;
		};
/* End PBXSourcesBuildPhase section */

/* Begin PBXVariantGroup section */
		DA2A47C620236E79007D79B1 /* Main.storyboard */ = {
			isa = PBXVariantGroup;
			children = (
				DA2A47C720236E79007D79B1 /* Base */,
			);
			name = Main.storyboard;
			sourceTree = "<group>";
		};
		DA2A47CB20236E79007D79B1 /* LaunchScreen.storyboard */ = {
			isa = PBXVariantGroup;
			children = (
				DA2A47CC20236E79007D79B1 /* Base */,
			);
			name = LaunchScreen.storyboard;
			sourceTree = "<group>";
		};
/* End PBXVariantGroup section */

/* Begin XCBuildConfiguration section */
		DA2A47CF20236E79007D79B1 /* Debug */ = {
			isa = XCBuildConfiguration;
			buildSettings = {
				ALWAYS_SEARCH_USER_PATHS = NO;
				CLANG_ANALYZER_NONNULL = YES;
				CLANG_ANALYZER_NUMBER_OBJECT_CONVERSION = YES_AGGRESSIVE;
				CLANG_CXX_LANGUAGE_STANDARD = "gnu++14";
				CLANG_CXX_LIBRARY = "libc++";
				CLANG_ENABLE_MODULES = YES;
				CLANG_ENABLE_OBJC_ARC = YES;
				CLANG_WARN_BLOCK_CAPTURE_AUTORELEASING = YES;
				CLANG_WARN_BOOL_CONVERSION = YES;
				CLANG_WARN_COMMA = YES;
				CLANG_WARN_CONSTANT_CONVERSION = YES;
				CLANG_WARN_DIRECT_OBJC_ISA_USAGE = YES_ERROR;
				CLANG_WARN_DOCUMENTATION_COMMENTS = YES;
				CLANG_WARN_EMPTY_BODY = YES;
				CLANG_WARN_ENUM_CONVERSION = YES;
				CLANG_WARN_INFINITE_RECURSION = YES;
				CLANG_WARN_INT_CONVERSION = YES;
				CLANG_WARN_NON_LITERAL_NULL_CONVERSION = YES;
				CLANG_WARN_OBJC_LITERAL_CONVERSION = YES;
				CLANG_WARN_OBJC_ROOT_CLASS = YES_ERROR;
				CLANG_WARN_RANGE_LOOP_ANALYSIS = YES;
				CLANG_WARN_STRICT_PROTOTYPES = YES;
				CLANG_WARN_SUSPICIOUS_MOVE = YES;
				CLANG_WARN_UNGUARDED_AVAILABILITY = YES_AGGRESSIVE;
				CLANG_WARN_UNREACHABLE_CODE = YES;
				CLANG_WARN__DUPLICATE_METHOD_MATCH = YES;
				CODE_SIGN_IDENTITY = "iPhone Developer";
				COPY_PHASE_STRIP = NO;
				DEBUG_INFORMATION_FORMAT = dwarf;
				ENABLE_STRICT_OBJC_MSGSEND = YES;
				ENABLE_TESTABILITY = YES;
				GCC_C_LANGUAGE_STANDARD = gnu11;
				GCC_DYNAMIC_NO_PIC = NO;
				GCC_NO_COMMON_BLOCKS = YES;
				GCC_OPTIMIZATION_LEVEL = 0;
				GCC_PREPROCESSOR_DEFINITIONS = (
					"DEBUG=1",
					"$(inherited)",
				);
				GCC_WARN_64_TO_32_BIT_CONVERSION = YES;
				GCC_WARN_ABOUT_RETURN_TYPE = YES_ERROR;
				GCC_WARN_UNDECLARED_SELECTOR = YES;
				GCC_WARN_UNINITIALIZED_AUTOS = YES_AGGRESSIVE;
				GCC_WARN_UNUSED_FUNCTION = YES;
				GCC_WARN_UNUSED_VARIABLE = YES;
				IPHONEOS_DEPLOYMENT_TARGET = 11.2;
				MTL_ENABLE_DEBUG_INFO = YES;
				ONLY_ACTIVE_ARCH = YES;
				SDKROOT = iphoneos;
				SWIFT_ACTIVE_COMPILATION_CONDITIONS = DEBUG;
				SWIFT_OPTIMIZATION_LEVEL = "-Onone";
			};
			name = Debug;
		};
		DA2A47D020236E79007D79B1 /* Release */ = {
			isa = XCBuildConfiguration;
			buildSettings = {
				ALWAYS_SEARCH_USER_PATHS = NO;
				CLANG_ANALYZER_NONNULL = YES;
				CLANG_ANALYZER_NUMBER_OBJECT_CONVERSION = YES_AGGRESSIVE;
				CLANG_CXX_LANGUAGE_STANDARD = "gnu++14";
				CLANG_CXX_LIBRARY = "libc++";
				CLANG_ENABLE_MODULES = YES;
				CLANG_ENABLE_OBJC_ARC = YES;
				CLANG_WARN_BLOCK_CAPTURE_AUTORELEASING = YES;
				CLANG_WARN_BOOL_CONVERSION = YES;
				CLANG_WARN_COMMA = YES;
				CLANG_WARN_CONSTANT_CONVERSION = YES;
				CLANG_WARN_DIRECT_OBJC_ISA_USAGE = YES_ERROR;
				CLANG_WARN_DOCUMENTATION_COMMENTS = YES;
				CLANG_WARN_EMPTY_BODY = YES;
				CLANG_WARN_ENUM_CONVERSION = YES;
				CLANG_WARN_INFINITE_RECURSION = YES;
				CLANG_WARN_INT_CONVERSION = YES;
				CLANG_WARN_NON_LITERAL_NULL_CONVERSION = YES;
				CLANG_WARN_OBJC_LITERAL_CONVERSION = YES;
				CLANG_WARN_OBJC_ROOT_CLASS = YES_ERROR;
				CLANG_WARN_RANGE_LOOP_ANALYSIS = YES;
				CLANG_WARN_STRICT_PROTOTYPES = YES;
				CLANG_WARN_SUSPICIOUS_MOVE = YES;
				CLANG_WARN_UNGUARDED_AVAILABILITY = YES_AGGRESSIVE;
				CLANG_WARN_UNREACHABLE_CODE = YES;
				CLANG_WARN__DUPLICATE_METHOD_MATCH = YES;
				CODE_SIGN_IDENTITY = "iPhone Developer";
				COPY_PHASE_STRIP = NO;
				DEBUG_INFORMATION_FORMAT = "dwarf-with-dsym";
				ENABLE_NS_ASSERTIONS = NO;
				ENABLE_STRICT_OBJC_MSGSEND = YES;
				GCC_C_LANGUAGE_STANDARD = gnu11;
				GCC_NO_COMMON_BLOCKS = YES;
				GCC_WARN_64_TO_32_BIT_CONVERSION = YES;
				GCC_WARN_ABOUT_RETURN_TYPE = YES_ERROR;
				GCC_WARN_UNDECLARED_SELECTOR = YES;
				GCC_WARN_UNINITIALIZED_AUTOS = YES_AGGRESSIVE;
				GCC_WARN_UNUSED_FUNCTION = YES;
				GCC_WARN_UNUSED_VARIABLE = YES;
				IPHONEOS_DEPLOYMENT_TARGET = 11.2;
				MTL_ENABLE_DEBUG_INFO = NO;
				SDKROOT = iphoneos;
				SWIFT_OPTIMIZATION_LEVEL = "-Owholemodule";
				VALIDATE_PRODUCT = YES;
			};
			name = Release;
		};
		DA2A47D220236E79007D79B1 /* Debug */ = {
			isa = XCBuildConfiguration;
			baseConfigurationReference = 20605416BBCBE35EE745C6EF /* Pods-PapaCatering.debug.xcconfig */;
			buildSettings = {
				ASSETCATALOG_COMPILER_APPICON_NAME = AppIcon;
				CLANG_ENABLE_MODULES = YES;
				CODE_SIGN_ENTITLEMENTS = PapaCatering/PapaCatering.entitlements;
				CODE_SIGN_STYLE = Automatic;
				DEVELOPMENT_TEAM = 85TX4DE8AK;
				INFOPLIST_FILE = PapaCatering/Info.plist;
				LD_RUNPATH_SEARCH_PATHS = "$(inherited) @executable_path/Frameworks";
				PRODUCT_BUNDLE_IDENTIFIER = duoline.ro.PapaCatering;
				PRODUCT_NAME = "$(TARGET_NAME)";
				SWIFT_OBJC_BRIDGING_HEADER = "PapaCatering-Bridging-Header.h";
				SWIFT_OPTIMIZATION_LEVEL = "-Onone";
				SWIFT_VERSION = 4.0;
				TARGETED_DEVICE_FAMILY = "1,2";
			};
			name = Debug;
		};
		DA2A47D320236E79007D79B1 /* Release */ = {
			isa = XCBuildConfiguration;
			baseConfigurationReference = 9F69F016BA1BD85664BA01CF /* Pods-PapaCatering.release.xcconfig */;
			buildSettings = {
				ASSETCATALOG_COMPILER_APPICON_NAME = AppIcon;
				CLANG_ENABLE_MODULES = YES;
				CODE_SIGN_ENTITLEMENTS = PapaCatering/PapaCatering.entitlements;
				CODE_SIGN_STYLE = Automatic;
				DEVELOPMENT_TEAM = 85TX4DE8AK;
				INFOPLIST_FILE = PapaCatering/Info.plist;
				LD_RUNPATH_SEARCH_PATHS = "$(inherited) @executable_path/Frameworks";
				PRODUCT_BUNDLE_IDENTIFIER = duoline.ro.PapaCatering;
				PRODUCT_NAME = "$(TARGET_NAME)";
				SWIFT_OBJC_BRIDGING_HEADER = "PapaCatering-Bridging-Header.h";
				SWIFT_VERSION = 4.0;
				TARGETED_DEVICE_FAMILY = "1,2";
			};
			name = Release;
		};
/* End XCBuildConfiguration section */

/* Begin XCConfigurationList section */
		DA2A47BA20236E79007D79B1 /* Build configuration list for PBXProject "PapaCatering" */ = {
			isa = XCConfigurationList;
			buildConfigurations = (
				DA2A47CF20236E79007D79B1 /* Debug */,
				DA2A47D020236E79007D79B1 /* Release */,
			);
			defaultConfigurationIsVisible = 0;
			defaultConfigurationName = Release;
		};
		DA2A47D120236E79007D79B1 /* Build configuration list for PBXNativeTarget "PapaCatering" */ = {
			isa = XCConfigurationList;
			buildConfigurations = (
				DA2A47D220236E79007D79B1 /* Debug */,
				DA2A47D320236E79007D79B1 /* Release */,
			);
			defaultConfigurationIsVisible = 0;
			defaultConfigurationName = Release;
		};
/* End XCConfigurationList section */
	};
	rootObject = DA2A47B720236E79007D79B1 /* Project object */;
}
