// !$*UTF8*$!
{
	archiveVersion = 1;
	classes = {
	};
	objectVersion = 48;
	objects = {

/* Begin PBXBuildFile section */
		38E183C8BF56AA5ACC362EBC /* Pods_PapaCatering.framework in Frameworks */ = {isa = PBXBuildFile; fileRef = 6CDF91EFB0948F5E7C21D81F /* Pods_PapaCatering.framework */; };
		DA2A47C320236E79007D79B1 /* AppDelegate.swift in Sources */ = {isa = PBXBuildFile; fileRef = DA2A47C220236E79007D79B1 /* AppDelegate.swift */; };
		DA2A47C520236E79007D79B1 /* RestauranteTableViewController.swift in Sources */ = {isa = PBXBuildFile; fileRef = DA2A47C420236E79007D79B1 /* RestauranteTableViewController.swift */; };
		DA2A47C820236E79007D79B1 /* Main.storyboard in Resources */ = {isa = PBXBuildFile; fileRef = DA2A47C620236E79007D79B1 /* Main.storyboard */; };
		DA2A47CA20236E79007D79B1 /* Assets.xcassets in Resources */ = {isa = PBXBuildFile; fileRef = DA2A47C920236E79007D79B1 /* Assets.xcassets */; };
		DA2A47CD20236E79007D79B1 /* LaunchScreen.storyboard in Resources */ = {isa = PBXBuildFile; fileRef = DA2A47CB20236E79007D79B1 /* LaunchScreen.storyboard */; };
		DA2A47D52023798E007D79B1 /* GoogleService-Info.plist in Resources */ = {isa = PBXBuildFile; fileRef = DA2A47D42023798E007D79B1 /* GoogleService-Info.plist */; };
		DA2A47DE202395A7007D79B1 /* UndeMancamTableViewCell.swift in Sources */ = {isa = PBXBuildFile; fileRef = DA2A47DD202395A7007D79B1 /* UndeMancamTableViewCell.swift */; };
		DA2A47E22023A273007D79B1 /* PoiretOne-Regular.ttf in Resources */ = {isa = PBXBuildFile; fileRef = DA2A47E12023A273007D79B1 /* PoiretOne-Regular.ttf */; };
/* End PBXBuildFile section */

/* Begin PBXFileReference section */
		20605416BBCBE35EE745C6EF /* Pods-PapaCatering.debug.xcconfig */ = {isa = PBXFileReference; includeInIndex = 1; lastKnownFileType = text.xcconfig; name = "Pods-PapaCatering.debug.xcconfig"; path = "Pods/Target Support Files/Pods-PapaCatering/Pods-PapaCatering.debug.xcconfig"; sourceTree = "<group>"; };
		6CDF91EFB0948F5E7C21D81F /* Pods_PapaCatering.framework */ = {isa = PBXFileReference; explicitFileType = wrapper.framework; includeInIndex = 0; path = Pods_PapaCatering.framework; sourceTree = BUILT_PRODUCTS_DIR; };
		9F69F016BA1BD85664BA01CF /* Pods-PapaCatering.release.xcconfig */ = {isa = PBXFileReference; includeInIndex = 1; lastKnownFileType = text.xcconfig; name = "Pods-PapaCatering.release.xcconfig"; path = "Pods/Target Support Files/Pods-PapaCatering/Pods-PapaCatering.release.xcconfig"; sourceTree = "<group>"; };
		DA2A47BF20236E79007D79B1 /* PapaCatering.app */ = {isa = PBXFileReference; explicitFileType = wrapper.application; includeInIndex = 0; path = PapaCatering.app; sourceTree = BUILT_PRODUCTS_DIR; };
		DA2A47C220236E79007D79B1 /* AppDelegate.swift */ = {isa = PBXFileReference; lastKnownFileType = sourcecode.swift; path = AppDelegate.swift; sourceTree = "<group>"; };
		DA2A47C420236E79007D79B1 /* RestauranteTableViewController.swift */ = {isa = PBXFileReference; lastKnownFileType = sourcecode.swift; path = RestauranteTableViewController.swift; sourceTree = "<group>"; };
		DA2A47C720236E79007D79B1 /* Base */ = {isa = PBXFileReference; lastKnownFileType = file.storyboard; name = Base; path = Base.lproj/Main.storyboard; sourceTree = "<group>"; };
		DA2A47C920236E79007D79B1 /* Assets.xcassets */ = {isa = PBXFileReference; lastKnownFileType = folder.assetcatalog; path = Assets.xcassets; sourceTree = "<group>"; };
		DA2A47CC20236E79007D79B1 /* Base */ = {isa = PBXFileReference; lastKnownFileType = file.storyboard; name = Base; path = Base.lproj/LaunchScreen.storyboard; sourceTree = "<group>"; };
		DA2A47CE20236E79007D79B1 /* Info.plist */ = {isa = PBXFileReference; lastKnownFileType = text.plist.xml; path = Info.plist; sourceTree = "<group>"; };
		DA2A47D42023798E007D79B1 /* GoogleService-Info.plist */ = {isa = PBXFileReference; fileEncoding = 4; lastKnownFileType = text.plist.xml; name = "GoogleService-Info.plist"; path = "../../../Downloads/GoogleService-Info.plist"; sourceTree = "<group>"; };
		DA2A47DD202395A7007D79B1 /* UndeMancamTableViewCell.swift */ = {isa = PBXFileReference; lastKnownFileType = sourcecode.swift; path = UndeMancamTableViewCell.swift; sourceTree = "<group>"; };
		DA2A47E12023A273007D79B1 /* PoiretOne-Regular.ttf */ = {isa = PBXFileReference; lastKnownFileType = file; name = "PoiretOne-Regular.ttf"; path = "PapaCatering/PoiretOne-Regular.ttf"; sourceTree = "<group>"; };
		DA2A47E3202456CA007D79B1 /* PapaCatering.entitlements */ = {isa = PBXFileReference; lastKnownFileType = text.plist.entitlements; path = PapaCatering.entitlements; sourceTree = "<group>"; };
/* End PBXFileReference section */

/* Begin PBXFrameworksBuildPhase section */
		DA2A47BC20236E79007D79B1 /* Frameworks */ = {
			isa = PBXFrameworksBuildPhase;
			buildActionMask = 2147483647;
			files = (
				38E183C8BF56AA5ACC362EBC /* Pods_PapaCatering.framework in Frameworks */,
			);
			runOnlyForDeploymentPostprocessing = 0;
		};
/* End PBXFrameworksBuildPhase section */

/* Begin PBXGroup section */
		DA2A47B620236E79007D79B1 = {
			isa = PBXGroup;
			children = (
				DA2A47E12023A273007D79B1 /* PoiretOne-Regular.ttf */,
				DA2A47C120236E79007D79B1 /* PapaCatering */,
				DA2A47C020236E79007D79B1 /* Products */,
				E25190CB3D2758E5C1777F7C /* Pods */,
				FEF01D8BA57C751A32F935DB /* Frameworks */,
			);
			sourceTree = "<group>";
		};
		DA2A47C020236E79007D79B1 /* Products */ = {
			isa = PBXGroup;
			children = (
				DA2A47BF20236E79007D79B1 /* PapaCatering.app */,
			);
			name = Products;
			sourceTree = "<group>";
		};
		DA2A47C120236E79007D79B1 /* PapaCatering */ = {
			isa = PBXGroup;
			children = (
				DA2A47E3202456CA007D79B1 /* PapaCatering.entitlements */,
				DA2A47D42023798E007D79B1 /* GoogleService-Info.plist */,
				DA2A47C220236E79007D79B1 /* AppDelegate.swift */,
				DA2A47C420236E79007D79B1 /* RestauranteTableViewController.swift */,
				DA2A47C620236E79007D79B1 /* Main.storyboard */,
				DA2A47C920236E79007D79B1 /* Assets.xcassets */,
				DA2A47CB20236E79007D79B1 /* LaunchScreen.storyboard */,
				DA2A47CE20236E79007D79B1 /* Info.plist */,
				DA2A47DD202395A7007D79B1 /* UndeMancamTableViewCell.swift */,
			);
			path = PapaCatering;
			sourceTree = "<group>";
		};
		E25190CB3D2758E5C1777F7C /* Pods */ = {
			isa = PBXGroup;
			children = (
				20605416BBCBE35EE745C6EF /* Pods-PapaCatering.debug.xcconfig */,
				9F69F016BA1BD85664BA01CF /* Pods-PapaCatering.release.xcconfig */,
			);
			name = Pods;
			sourceTree = "<group>";
		};
		FEF01D8BA57C751A32F935DB /* Frameworks */ = {
			isa = PBXGroup;
			children = (
				6CDF91EFB0948F5E7C21D81F /* Pods_PapaCatering.framework */,
			);
			name = Frameworks;
			sourceTree = "<group>";
		};
/* End PBXGroup section */

/* Begin PBXNativeTarget section */
		DA2A47BE20236E79007D79B1 /* PapaCatering */ = {
			isa = PBXNativeTarget;
			buildConfigurationList = DA2A47D120236E79007D79B1 /* Build configuration list for PBXNativeTarget "PapaCatering" */;
			buildPhases = (
				E2A502FA55F2740310D8D667 /* [CP] Check Pods Manifest.lock */,
				DA2A47BB20236E79007D79B1 /* Sources */,
				DA2A47BC20236E79007D79B1 /* Frameworks */,
				DA2A47BD20236E79007D79B1 /* Resources */,
				416EF0B9DF65B304BF445B40 /* [CP] Embed Pods Frameworks */,
				5E2A042BE8FAA331420B3B72 /* [CP] Copy Pods Resources */,
			);
			buildRules = (
			);
			dependencies = (
			);
			name = PapaCatering;
			productName = PapaCatering;
			productReference = DA2A47BF20236E79007D79B1 /* PapaCatering.app */;
			productType = "com.apple.product-type.application";
		};
/* End PBXNativeTarget section */

/* Begin PBXProject section */
		DA2A47B720236E79007D79B1 /* Project object */ = {
			isa = PBXProject;
			attributes = {
				LastSwiftUpdateCheck = 0920;
				LastUpgradeCheck = 0920;
				ORGANIZATIONNAME = "Paul Oprea";
				TargetAttributes = {
					DA2A47BE20236E79007D79B1 = {
						CreatedOnToolsVersion = 9.2;
						ProvisioningStyle = Automatic;
						SystemCapabilities = {
							com.apple.BackgroundModes = {
								enabled = 1;
							};
							com.apple.Push = {
								enabled = 1;
							};
						};
					};
				};
			};
			buildConfigurationList = DA2A47BA20236E79007D79B1 /* Build configuration list for PBXProject "PapaCatering" */;
			compatibilityVersion = "Xcode 8.0";
			developmentRegion = en;
			hasScannedForEncodings = 0;
			knownRegions = (
				en,
				Base,
			);
			mainGroup = DA2A47B620236E79007D79B1;
			productRefGroup = DA2A47C020236E79007D79B1 /* Products */;
			projectDirPath = "";
			projectRoot = "";
			targets = (
				DA2A47BE20236E79007D79B1 /* PapaCatering */,
			);
		};
/* End PBXProject section */

/* Begin PBXResourcesBuildPhase section */
		DA2A47BD20236E79007D79B1 /* Resources */ = {
			isa = PBXResourcesBuildPhase;
			buildActionMask = 2147483647;
			files = (
				DA2A47CD20236E79007D79B1 /* LaunchScreen.storyboard in Resources */,
				DA2A47D52023798E007D79B1 /* GoogleService-Info.plist in Resources */,
				DA2A47CA20236E79007D79B1 /* Assets.xcassets in Resources */,
				DA2A47E22023A273007D79B1 /* PoiretOne-Regular.ttf in Resources */,
				DA2A47C820236E79007D79B1 /* Main.storyboard in Resources */,
			);
			runOnlyForDeploymentPostprocessing = 0;
		};
/* End PBXResourcesBuildPhase section */

/* Begin PBXShellScriptBuildPhase section */
		416EF0B9DF65B304BF445B40 /* [CP] Embed Pods Frameworks */ = {
			isa = PBXShellScriptBuildPhase;
			buildActionMask = 2147483647;
			files = (
			);
			inputPaths = (
				"${SRCROOT}/Pods/Target Support Files/Pods-PapaCatering/Pods-PapaCatering-frameworks.sh",
				"${BUILT_PRODUCTS_DIR}/Alamofire/Alamofire.framework",
				"${BUILT_PRODUCTS_DIR}/AlamofireImage/AlamofireImage.framework",
				"${BUILT_PRODUCTS_DIR}/AlamofireSwiftyJSON/AlamofireSwiftyJSON.framework",
				"${BUILT_PRODUCTS_DIR}/GoogleToolboxForMac/GoogleToolboxForMac.framework",
				"${BUILT_PRODUCTS_DIR}/Protobuf/Protobuf.framework",
				"${BUILT_PRODUCTS_DIR}/SwiftyJSON/SwiftyJSON.framework",
				"${BUILT_PRODUCTS_DIR}/nanopb/nanopb.framework",
			);
			name = "[CP] Embed Pods Frameworks";
			outputPaths = (
				"${TARGET_BUILD_DIR}/${FRAMEWORKS_FOLDER_PATH}/Alamofire.framework",
				"${TARGET_BUILD_DIR}/${FRAMEWORKS_FOLDER_PATH}/AlamofireImage.framework",
				"${TARGET_BUILD_DIR}/${FRAMEWORKS_FOLDER_PATH}/AlamofireSwiftyJSON.framework",
				"${TARGET_BUILD_DIR}/${FRAMEWORKS_FOLDER_PATH}/GoogleToolboxForMac.framework",
				"${TARGET_BUILD_DIR}/${FRAMEWORKS_FOLDER_PATH}/Protobuf.framework",
				"${TARGET_BUILD_DIR}/${FRAMEWORKS_FOLDER_PATH}/SwiftyJSON.framework",
				"${TARGET_BUILD_DIR}/${FRAMEWORKS_FOLDER_PATH}/nanopb.framework",
			);
			runOnlyForDeploymentPostprocessing = 0;
			shellPath = /bin/sh;
			shellScript = "\"${SRCROOT}/Pods/Target Support Files/Pods-PapaCatering/Pods-PapaCatering-frameworks.sh\"\n";
			showEnvVarsInLog = 0;
		};
		5E2A042BE8FAA331420B3B72 /* [CP] Copy Pods Resources */ = {
			isa = PBXShellScriptBuildPhase;
			buildActionMask = 2147483647;
			files = (
			);
			inputPaths = (
			);
			name = "[CP] Copy Pods Resources";
			outputPaths = (
			);
			runOnlyForDeploymentPostprocessing = 0;
			shellPath = /bin/sh;
			shellScript = "\"${SRCROOT}/Pods/Target Support Files/Pods-PapaCatering/Pods-PapaCatering-resources.sh\"\n";
			showEnvVarsInLog = 0;
		};
		E2A502FA55F2740310D8D667 /* [CP] Check Pods Manifest.lock */ = {
			isa = PBXShellScriptBuildPhase;
			buildActionMask = 2147483647;
			files = (
			);
			inputPaths = (
				"${PODS_PODFILE_DIR_PATH}/Podfile.lock",
				"${PODS_ROOT}/Manifest.lock",
			);
			name = "[CP] Check Pods Manifest.lock";
			outputPaths = (
				"$(DERIVED_FILE_DIR)/Pods-PapaCatering-checkManifestLockResult.txt",
			);
			runOnlyForDeploymentPostprocessing = 0;
			shellPath = /bin/sh;
			shellScript = "diff \"${PODS_PODFILE_DIR_PATH}/Podfile.lock\" \"${PODS_ROOT}/Manifest.lock\" > /dev/null\nif [ $? != 0 ] ; then\n    # print error to STDERR\n    echo \"error: The sandbox is not in sync with the Podfile.lock. Run 'pod install' or update your CocoaPods installation.\" >&2\n    exit 1\nfi\n# This output is used by Xcode 'outputs' to avoid re-running this script phase.\necho \"SUCCESS\" > \"${SCRIPT_OUTPUT_FILE_0}\"\n";
			showEnvVarsInLog = 0;
		};
/* End PBXShellScriptBuildPhase section */

/* Begin PBXSourcesBuildPhase section */
		DA2A47BB20236E79007D79B1 /* Sources */ = {
			isa = PBXSourcesBuildPhase;
			buildActionMask = 2147483647;
			files = (
				DA2A47DE202395A7007D79B1 /* UndeMancamTableViewCell.swift in Sources */,
				DA2A47C520236E79007D79B1 /* RestauranteTableViewController.swift in Sources */,
				DA2A47C320236E79007D79B1 /* AppDelegate.swift in Sources */,
			);
			runOnlyForDeploymentPostprocessing = 0;
		};
/* End PBXSourcesBuildPhase section */

/* Begin PBXVariantGroup section */
		DA2A47C620236E79007D79B1 /* Main.storyboard */ = {
			isa = PBXVariantGroup;
			children = (
				DA2A47C720236E79007D79B1 /* Base */,
			);
			name = Main.storyboard;
			sourceTree = "<group>";
		};
		DA2A47CB20236E79007D79B1 /* LaunchScreen.storyboard */ = {
			isa = PBXVariantGroup;
			children = (
				DA2A47CC20236E79007D79B1 /* Base */,
			);
			name = LaunchScreen.storyboard;
			sourceTree = "<group>";
		};
/* End PBXVariantGroup section */

/* Begin XCBuildConfiguration section */
		DA2A47CF20236E79007D79B1 /* Debug */ = {
			isa = XCBuildConfiguration;
			buildSettings = {
				ALWAYS_SEARCH_USER_PATHS = NO;
				CLANG_ANALYZER_NONNULL = YES;
				CLANG_ANALYZER_NUMBER_OBJECT_CONVERSION = YES_AGGRESSIVE;
				CLANG_CXX_LANGUAGE_STANDARD = "gnu++14";
				CLANG_CXX_LIBRARY = "libc++";
				CLANG_ENABLE_MODULES = YES;
				CLANG_ENABLE_OBJC_ARC = YES;
				CLANG_WARN_BLOCK_CAPTURE_AUTORELEASING = YES;
				CLANG_WARN_BOOL_CONVERSION = YES;
				CLANG_WARN_COMMA = YES;
				CLANG_WARN_CONSTANT_CONVERSION = YES;
				CLANG_WARN_DIRECT_OBJC_ISA_USAGE = YES_ERROR;
				CLANG_WARN_DOCUMENTATION_COMMENTS = YES;
				CLANG_WARN_EMPTY_BODY = YES;
				CLANG_WARN_ENUM_CONVERSION = YES;
				CLANG_WARN_INFINITE_RECURSION = YES;
				CLANG_WARN_INT_CONVERSION = YES;
				CLANG_WARN_NON_LITERAL_NULL_CONVERSION = YES;
				CLANG_WARN_OBJC_LITERAL_CONVERSION = YES;
				CLANG_WARN_OBJC_ROOT_CLASS = YES_ERROR;
				CLANG_WARN_RANGE_LOOP_ANALYSIS = YES;
				CLANG_WARN_STRICT_PROTOTYPES = YES;
				CLANG_WARN_SUSPICIOUS_MOVE = YES;
				CLANG_WARN_UNGUARDED_AVAILABILITY = YES_AGGRESSIVE;
				CLANG_WARN_UNREACHABLE_CODE = YES;
				CLANG_WARN__DUPLICATE_METHOD_MATCH = YES;
				CODE_SIGN_IDENTITY = "iPhone Developer";
				COPY_PHASE_STRIP = NO;
				DEBUG_INFORMATION_FORMAT = dwarf;
				ENABLE_STRICT_OBJC_MSGSEND = YES;
				ENABLE_TESTABILITY = YES;
				GCC_C_LANGUAGE_STANDARD = gnu11;
				GCC_DYNAMIC_NO_PIC = NO;
				GCC_NO_COMMON_BLOCKS = YES;
				GCC_OPTIMIZATION_LEVEL = 0;
				GCC_PREPROCESSOR_DEFINITIONS = (
					"DEBUG=1",
					"$(inherited)",
				);
				GCC_WARN_64_TO_32_BIT_CONVERSION = YES;
				GCC_WARN_ABOUT_RETURN_TYPE = YES_ERROR;
				GCC_WARN_UNDECLARED_SELECTOR = YES;
				GCC_WARN_UNINITIALIZED_AUTOS = YES_AGGRESSIVE;
				GCC_WARN_UNUSED_FUNCTION = YES;
				GCC_WARN_UNUSED_VARIABLE = YES;
				IPHONEOS_DEPLOYMENT_TARGET = 11.2;
				MTL_ENABLE_DEBUG_INFO = YES;
				ONLY_ACTIVE_ARCH = YES;
				SDKROOT = iphoneos;
				SWIFT_ACTIVE_COMPILATION_CONDITIONS = DEBUG;
				SWIFT_OPTIMIZATION_LEVEL = "-Onone";
			};
			name = Debug;
		};
		DA2A47D020236E79007D79B1 /* Release */ = {
			isa = XCBuildConfiguration;
			buildSettings = {
				ALWAYS_SEARCH_USER_PATHS = NO;
				CLANG_ANALYZER_NONNULL = YES;
				CLANG_ANALYZER_NUMBER_OBJECT_CONVERSION = YES_AGGRESSIVE;
				CLANG_CXX_LANGUAGE_STANDARD = "gnu++14";
				CLANG_CXX_LIBRARY = "libc++";
				CLANG_ENABLE_MODULES = YES;
				CLANG_ENABLE_OBJC_ARC = YES;
				CLANG_WARN_BLOCK_CAPTURE_AUTORELEASING = YES;
				CLANG_WARN_BOOL_CONVERSION = YES;
				CLANG_WARN_COMMA = YES;
				CLANG_WARN_CONSTANT_CONVERSION = YES;
				CLANG_WARN_DIRECT_OBJC_ISA_USAGE = YES_ERROR;
				CLANG_WARN_DOCUMENTATION_COMMENTS = YES;
				CLANG_WARN_EMPTY_BODY = YES;
				CLANG_WARN_ENUM_CONVERSION = YES;
				CLANG_WARN_INFINITE_RECURSION = YES;
				CLANG_WARN_INT_CONVERSION = YES;
				CLANG_WARN_NON_LITERAL_NULL_CONVERSION = YES;
				CLANG_WARN_OBJC_LITERAL_CONVERSION = YES;
				CLANG_WARN_OBJC_ROOT_CLASS = YES_ERROR;
				CLANG_WARN_RANGE_LOOP_ANALYSIS = YES;
				CLANG_WARN_STRICT_PROTOTYPES = YES;
				CLANG_WARN_SUSPICIOUS_MOVE = YES;
				CLANG_WARN_UNGUARDED_AVAILABILITY = YES_AGGRESSIVE;
				CLANG_WARN_UNREACHABLE_CODE = YES;
				CLANG_WARN__DUPLICATE_METHOD_MATCH = YES;
				CODE_SIGN_IDENTITY = "iPhone Developer";
				COPY_PHASE_STRIP = NO;
				DEBUG_INFORMATION_FORMAT = "dwarf-with-dsym";
				ENABLE_NS_ASSERTIONS = NO;
				ENABLE_STRICT_OBJC_MSGSEND = YES;
				GCC_C_LANGUAGE_STANDARD = gnu11;
				GCC_NO_COMMON_BLOCKS = YES;
				GCC_WARN_64_TO_32_BIT_CONVERSION = YES;
				GCC_WARN_ABOUT_RETURN_TYPE = YES_ERROR;
				GCC_WARN_UNDECLARED_SELECTOR = YES;
				GCC_WARN_UNINITIALIZED_AUTOS = YES_AGGRESSIVE;
				GCC_WARN_UNUSED_FUNCTION = YES;
				GCC_WARN_UNUSED_VARIABLE = YES;
				IPHONEOS_DEPLOYMENT_TARGET = 11.2;
				MTL_ENABLE_DEBUG_INFO = NO;
				SDKROOT = iphoneos;
				SWIFT_OPTIMIZATION_LEVEL = "-Owholemodule";
				VALIDATE_PRODUCT = YES;
			};
			name = Release;
		};
		DA2A47D220236E79007D79B1 /* Debug */ = {
			isa = XCBuildConfiguration;
			baseConfigurationReference = 20605416BBCBE35EE745C6EF /* Pods-PapaCatering.debug.xcconfig */;
			buildSettings = {
				ASSETCATALOG_COMPILER_APPICON_NAME = AppIcon;
				CODE_SIGN_ENTITLEMENTS = PapaCatering/PapaCatering.entitlements;
				CODE_SIGN_STYLE = Automatic;
				DEVELOPMENT_TEAM = 85TX4DE8AK;
				INFOPLIST_FILE = PapaCatering/Info.plist;
				LD_RUNPATH_SEARCH_PATHS = "$(inherited) @executable_path/Frameworks";
				PRODUCT_BUNDLE_IDENTIFIER = duoline.ro.PapaCatering;
				PRODUCT_NAME = "$(TARGET_NAME)";
				SWIFT_VERSION = 4.0;
				TARGETED_DEVICE_FAMILY = "1,2";
			};
			name = Debug;
		};
		DA2A47D320236E79007D79B1 /* Release */ = {
			isa = XCBuildConfiguration;
			baseConfigurationReference = 9F69F016BA1BD85664BA01CF /* Pods-PapaCatering.release.xcconfig */;
			buildSettings = {
				ASSETCATALOG_COMPILER_APPICON_NAME = AppIcon;
				CODE_SIGN_ENTITLEMENTS = PapaCatering/PapaCatering.entitlements;
				CODE_SIGN_STYLE = Automatic;
				DEVELOPMENT_TEAM = 85TX4DE8AK;
				INFOPLIST_FILE = PapaCatering/Info.plist;
				LD_RUNPATH_SEARCH_PATHS = "$(inherited) @executable_path/Frameworks";
				PRODUCT_BUNDLE_IDENTIFIER = duoline.ro.PapaCatering;
				PRODUCT_NAME = "$(TARGET_NAME)";
				SWIFT_VERSION = 4.0;
				TARGETED_DEVICE_FAMILY = "1,2";
			};
			name = Release;
		};
/* End XCBuildConfiguration section */

/* Begin XCConfigurationList section */
		DA2A47BA20236E79007D79B1 /* Build configuration list for PBXProject "PapaCatering" */ = {
			isa = XCConfigurationList;
			buildConfigurations = (
				DA2A47CF20236E79007D79B1 /* Debug */,
				DA2A47D020236E79007D79B1 /* Release */,
			);
			defaultConfigurationIsVisible = 0;
			defaultConfigurationName = Release;
		};
		DA2A47D120236E79007D79B1 /* Build configuration list for PBXNativeTarget "PapaCatering" */ = {
			isa = XCConfigurationList;
			buildConfigurations = (
				DA2A47D220236E79007D79B1 /* Debug */,
				DA2A47D320236E79007D79B1 /* Release */,
			);
			defaultConfigurationIsVisible = 0;
			defaultConfigurationName = Release;
		};
/* End XCConfigurationList section */
	};
	rootObject = DA2A47B720236E79007D79B1 /* Project object */;
}
